
Microsoft Visual Studio Solution File, Format Version 12.00
# Visual Studio 14
VisualStudioVersion = 14.0.25420.1
MinimumVisualStudioVersion = 10.0.40219.1
Project("{8BC9CEB8-8B4A-11D0-8D11-00A0C91BC942}") = "RASnes9X", "RASnes9x\win32\snes9xw.vcxproj", "{B86059D8-C9A6-46BE-8FBA-3170C54F1DFD}"
	ProjectSection(ProjectDependencies) = postProject
		{825CB292-F069-4B27-82CF-3417746ACDF3} = {825CB292-F069-4B27-82CF-3417746ACDF3}
	EndProjectSection
EndProject
Project("{8BC9CEB8-8B4A-11D0-8D11-00A0C91BC942}") = "RA_Integration", "RA_Integration\RA_Integration.vcxproj", "{825CB292-F069-4B27-82CF-3417746ACDF3}"
EndProject
Project("{2150E333-8FDC-42A3-9474-1A3956D46DE8}") = "Dependencies", "Dependencies", "{936A8937-014E-465F-A13D-6E7316CECF08}"
EndProject
Project("{2150E333-8FDC-42A3-9474-1A3956D46DE8}") = "Solution Items", "Solution Items", "{BB11B6E9-3BDA-46D2-9151-8F228EE8177B}"
	ProjectSection(SolutionItems) = preProject
		RASnes9x.sln.vsspell = RASnes9x.sln.vsspell
	EndProjectSection
EndProject
Global
	GlobalSection(SolutionConfigurationPlatforms) = preSolution
		Debug|ARM = Debug|ARM
		Debug|Itanium = Debug|Itanium
		Debug|Win32 = Debug|Win32
		Debug|x64 = Debug|x64
		DLL Debug|ARM = DLL Debug|ARM
		DLL Debug|Itanium = DLL Debug|Itanium
		DLL Debug|Win32 = DLL Debug|Win32
		DLL Debug|x64 = DLL Debug|x64
		DLL Release|ARM = DLL Release|ARM
		DLL Release|Itanium = DLL Release|Itanium
		DLL Release|Win32 = DLL Release|Win32
		DLL Release|x64 = DLL Release|x64
		DLL VB|ARM = DLL VB|ARM
		DLL VB|Itanium = DLL VB|Itanium
		DLL VB|Win32 = DLL VB|Win32
		DLL VB|x64 = DLL VB|x64
		LIB Debug|ARM = LIB Debug|ARM
		LIB Debug|Itanium = LIB Debug|Itanium
		LIB Debug|Win32 = LIB Debug|Win32
		LIB Debug|x64 = LIB Debug|x64
		LIB Release|ARM = LIB Release|ARM
		LIB Release|Itanium = LIB Release|Itanium
		LIB Release|Win32 = LIB Release|Win32
		LIB Release|x64 = LIB Release|x64
		Release|ARM = Release|ARM
		Release|Itanium = Release|Itanium
		Release|Win32 = Release|Win32
		Release|x64 = Release|x64
		ReleaseWithoutAsm|ARM = ReleaseWithoutAsm|ARM
		ReleaseWithoutAsm|Itanium = ReleaseWithoutAsm|Itanium
		ReleaseWithoutAsm|Win32 = ReleaseWithoutAsm|Win32
		ReleaseWithoutAsm|x64 = ReleaseWithoutAsm|x64
	EndGlobalSection
	GlobalSection(ProjectConfigurationPlatforms) = postSolution
		{B86059D8-C9A6-46BE-8FBA-3170C54F1DFD}.Debug|ARM.ActiveCfg = Debug|Win32
		{B86059D8-C9A6-46BE-8FBA-3170C54F1DFD}.Debug|Itanium.ActiveCfg = Debug|Win32
		{B86059D8-C9A6-46BE-8FBA-3170C54F1DFD}.Debug|Win32.ActiveCfg = Debug|Win32
		{B86059D8-C9A6-46BE-8FBA-3170C54F1DFD}.Debug|Win32.Build.0 = Debug|Win32
		{B86059D8-C9A6-46BE-8FBA-3170C54F1DFD}.Debug|x64.ActiveCfg = Debug|x64
		{B86059D8-C9A6-46BE-8FBA-3170C54F1DFD}.Debug|x64.Build.0 = Debug|x64
		{B86059D8-C9A6-46BE-8FBA-3170C54F1DFD}.DLL Debug|ARM.ActiveCfg = Release|Win32
		{B86059D8-C9A6-46BE-8FBA-3170C54F1DFD}.DLL Debug|ARM.Build.0 = Release|Win32
		{B86059D8-C9A6-46BE-8FBA-3170C54F1DFD}.DLL Debug|Itanium.ActiveCfg = Release|x64
		{B86059D8-C9A6-46BE-8FBA-3170C54F1DFD}.DLL Debug|Itanium.Build.0 = Release|x64
		{B86059D8-C9A6-46BE-8FBA-3170C54F1DFD}.DLL Debug|Win32.ActiveCfg = Debug|Win32
		{B86059D8-C9A6-46BE-8FBA-3170C54F1DFD}.DLL Debug|Win32.Build.0 = Debug|Win32
		{B86059D8-C9A6-46BE-8FBA-3170C54F1DFD}.DLL Debug|x64.ActiveCfg = Debug|x64
		{B86059D8-C9A6-46BE-8FBA-3170C54F1DFD}.DLL Debug|x64.Build.0 = Debug|x64
		{B86059D8-C9A6-46BE-8FBA-3170C54F1DFD}.DLL Release|ARM.ActiveCfg = Release|Win32
		{B86059D8-C9A6-46BE-8FBA-3170C54F1DFD}.DLL Release|ARM.Build.0 = Release|Win32
		{B86059D8-C9A6-46BE-8FBA-3170C54F1DFD}.DLL Release|Itanium.ActiveCfg = Release|x64
		{B86059D8-C9A6-46BE-8FBA-3170C54F1DFD}.DLL Release|Itanium.Build.0 = Release|x64
		{B86059D8-C9A6-46BE-8FBA-3170C54F1DFD}.DLL Release|Win32.ActiveCfg = Release|Win32
		{B86059D8-C9A6-46BE-8FBA-3170C54F1DFD}.DLL Release|Win32.Build.0 = Release|Win32
		{B86059D8-C9A6-46BE-8FBA-3170C54F1DFD}.DLL Release|x64.ActiveCfg = Release|x64
		{B86059D8-C9A6-46BE-8FBA-3170C54F1DFD}.DLL Release|x64.Build.0 = Release|x64
		{B86059D8-C9A6-46BE-8FBA-3170C54F1DFD}.DLL VB|ARM.ActiveCfg = Release|Win32
		{B86059D8-C9A6-46BE-8FBA-3170C54F1DFD}.DLL VB|ARM.Build.0 = Release|Win32
		{B86059D8-C9A6-46BE-8FBA-3170C54F1DFD}.DLL VB|Itanium.ActiveCfg = Release|x64
		{B86059D8-C9A6-46BE-8FBA-3170C54F1DFD}.DLL VB|Itanium.Build.0 = Release|x64
		{B86059D8-C9A6-46BE-8FBA-3170C54F1DFD}.DLL VB|Win32.ActiveCfg = Debug|Win32
		{B86059D8-C9A6-46BE-8FBA-3170C54F1DFD}.DLL VB|Win32.Build.0 = Debug|Win32
		{B86059D8-C9A6-46BE-8FBA-3170C54F1DFD}.DLL VB|x64.ActiveCfg = Debug|x64
		{B86059D8-C9A6-46BE-8FBA-3170C54F1DFD}.DLL VB|x64.Build.0 = Debug|x64
		{B86059D8-C9A6-46BE-8FBA-3170C54F1DFD}.LIB Debug|ARM.ActiveCfg = Release|Win32
		{B86059D8-C9A6-46BE-8FBA-3170C54F1DFD}.LIB Debug|ARM.Build.0 = Release|Win32
		{B86059D8-C9A6-46BE-8FBA-3170C54F1DFD}.LIB Debug|Itanium.ActiveCfg = Release|x64
		{B86059D8-C9A6-46BE-8FBA-3170C54F1DFD}.LIB Debug|Itanium.Build.0 = Release|x64
		{B86059D8-C9A6-46BE-8FBA-3170C54F1DFD}.LIB Debug|Win32.ActiveCfg = Debug|Win32
		{B86059D8-C9A6-46BE-8FBA-3170C54F1DFD}.LIB Debug|Win32.Build.0 = Debug|Win32
		{B86059D8-C9A6-46BE-8FBA-3170C54F1DFD}.LIB Debug|x64.ActiveCfg = Debug|x64
		{B86059D8-C9A6-46BE-8FBA-3170C54F1DFD}.LIB Debug|x64.Build.0 = Debug|x64
		{B86059D8-C9A6-46BE-8FBA-3170C54F1DFD}.LIB Release|ARM.ActiveCfg = Release|Win32
		{B86059D8-C9A6-46BE-8FBA-3170C54F1DFD}.LIB Release|ARM.Build.0 = Release|Win32
		{B86059D8-C9A6-46BE-8FBA-3170C54F1DFD}.LIB Release|Itanium.ActiveCfg = Release|x64
		{B86059D8-C9A6-46BE-8FBA-3170C54F1DFD}.LIB Release|Itanium.Build.0 = Release|x64
		{B86059D8-C9A6-46BE-8FBA-3170C54F1DFD}.LIB Release|Win32.ActiveCfg = Release|Win32
		{B86059D8-C9A6-46BE-8FBA-3170C54F1DFD}.LIB Release|Win32.Build.0 = Release|Win32
		{B86059D8-C9A6-46BE-8FBA-3170C54F1DFD}.LIB Release|x64.ActiveCfg = Release|x64
		{B86059D8-C9A6-46BE-8FBA-3170C54F1DFD}.LIB Release|x64.Build.0 = Release|x64
		{B86059D8-C9A6-46BE-8FBA-3170C54F1DFD}.Release|ARM.ActiveCfg = Release|Win32
		{B86059D8-C9A6-46BE-8FBA-3170C54F1DFD}.Release|Itanium.ActiveCfg = Release|Win32
		{B86059D8-C9A6-46BE-8FBA-3170C54F1DFD}.Release|Win32.ActiveCfg = Release|Win32
		{B86059D8-C9A6-46BE-8FBA-3170C54F1DFD}.Release|Win32.Build.0 = Release|Win32
		{B86059D8-C9A6-46BE-8FBA-3170C54F1DFD}.Release|x64.ActiveCfg = Release|x64
		{B86059D8-C9A6-46BE-8FBA-3170C54F1DFD}.Release|x64.Build.0 = Release|x64
		{B86059D8-C9A6-46BE-8FBA-3170C54F1DFD}.ReleaseWithoutAsm|ARM.ActiveCfg = Release|Win32
		{B86059D8-C9A6-46BE-8FBA-3170C54F1DFD}.ReleaseWithoutAsm|ARM.Build.0 = Release|Win32
		{B86059D8-C9A6-46BE-8FBA-3170C54F1DFD}.ReleaseWithoutAsm|Itanium.ActiveCfg = Release|x64
		{B86059D8-C9A6-46BE-8FBA-3170C54F1DFD}.ReleaseWithoutAsm|Itanium.Build.0 = Release|x64
		{B86059D8-C9A6-46BE-8FBA-3170C54F1DFD}.ReleaseWithoutAsm|Win32.ActiveCfg = Release|Win32
		{B86059D8-C9A6-46BE-8FBA-3170C54F1DFD}.ReleaseWithoutAsm|Win32.Build.0 = Release|Win32
		{B86059D8-C9A6-46BE-8FBA-3170C54F1DFD}.ReleaseWithoutAsm|x64.ActiveCfg = Release|x64
		{B86059D8-C9A6-46BE-8FBA-3170C54F1DFD}.ReleaseWithoutAsm|x64.Build.0 = Release|x64
		{825CB292-F069-4B27-82CF-3417746ACDF3}.Debug|ARM.ActiveCfg = Debug|Win32
		{825CB292-F069-4B27-82CF-3417746ACDF3}.Debug|Itanium.ActiveCfg = Debug|Win32
		{825CB292-F069-4B27-82CF-3417746ACDF3}.Debug|Win32.ActiveCfg = Debug|Win32
		{825CB292-F069-4B27-82CF-3417746ACDF3}.Debug|Win32.Build.0 = Debug|Win32
		{825CB292-F069-4B27-82CF-3417746ACDF3}.Debug|x64.ActiveCfg = Debug|Win32
		{825CB292-F069-4B27-82CF-3417746ACDF3}.DLL Debug|ARM.ActiveCfg = Release|Win32
		{825CB292-F069-4B27-82CF-3417746ACDF3}.DLL Debug|ARM.Build.0 = Release|Win32
		{825CB292-F069-4B27-82CF-3417746ACDF3}.DLL Debug|Itanium.ActiveCfg = Release|Win32
		{825CB292-F069-4B27-82CF-3417746ACDF3}.DLL Debug|Itanium.Build.0 = Release|Win32
		{825CB292-F069-4B27-82CF-3417746ACDF3}.DLL Debug|Win32.ActiveCfg = Debug|Win32
		{825CB292-F069-4B27-82CF-3417746ACDF3}.DLL Debug|Win32.Build.0 = Debug|Win32
		{825CB292-F069-4B27-82CF-3417746ACDF3}.DLL Debug|x64.ActiveCfg = Release|Win32
		{825CB292-F069-4B27-82CF-3417746ACDF3}.DLL Debug|x64.Build.0 = Release|Win32
		{825CB292-F069-4B27-82CF-3417746ACDF3}.DLL Release|ARM.ActiveCfg = Release|Win32
		{825CB292-F069-4B27-82CF-3417746ACDF3}.DLL Release|ARM.Build.0 = Release|Win32
		{825CB292-F069-4B27-82CF-3417746ACDF3}.DLL Release|Itanium.ActiveCfg = Release|Win32
		{825CB292-F069-4B27-82CF-3417746ACDF3}.DLL Release|Itanium.Build.0 = Release|Win32
		{825CB292-F069-4B27-82CF-3417746ACDF3}.DLL Release|Win32.ActiveCfg = Release|Win32
		{825CB292-F069-4B27-82CF-3417746ACDF3}.DLL Release|Win32.Build.0 = Release|Win32
		{825CB292-F069-4B27-82CF-3417746ACDF3}.DLL Release|x64.ActiveCfg = Release|Win32
		{825CB292-F069-4B27-82CF-3417746ACDF3}.DLL Release|x64.Build.0 = Release|Win32
		{825CB292-F069-4B27-82CF-3417746ACDF3}.DLL VB|ARM.ActiveCfg = Release|Win32
		{825CB292-F069-4B27-82CF-3417746ACDF3}.DLL VB|ARM.Build.0 = Release|Win32
		{825CB292-F069-4B27-82CF-3417746ACDF3}.DLL VB|Itanium.ActiveCfg = Release|Win32
		{825CB292-F069-4B27-82CF-3417746ACDF3}.DLL VB|Itanium.Build.0 = Release|Win32
		{825CB292-F069-4B27-82CF-3417746ACDF3}.DLL VB|Win32.ActiveCfg = Debug|Win32
		{825CB292-F069-4B27-82CF-3417746ACDF3}.DLL VB|Win32.Build.0 = Debug|Win32
		{825CB292-F069-4B27-82CF-3417746ACDF3}.DLL VB|x64.ActiveCfg = Release|Win32
		{825CB292-F069-4B27-82CF-3417746ACDF3}.DLL VB|x64.Build.0 = Release|Win32
		{825CB292-F069-4B27-82CF-3417746ACDF3}.LIB Debug|ARM.ActiveCfg = Release|Win32
		{825CB292-F069-4B27-82CF-3417746ACDF3}.LIB Debug|ARM.Build.0 = Release|Win32
		{825CB292-F069-4B27-82CF-3417746ACDF3}.LIB Debug|Itanium.ActiveCfg = Release|Win32
		{825CB292-F069-4B27-82CF-3417746ACDF3}.LIB Debug|Itanium.Build.0 = Release|Win32
		{825CB292-F069-4B27-82CF-3417746ACDF3}.LIB Debug|Win32.ActiveCfg = Debug|Win32
		{825CB292-F069-4B27-82CF-3417746ACDF3}.LIB Debug|Win32.Build.0 = Debug|Win32
		{825CB292-F069-4B27-82CF-3417746ACDF3}.LIB Debug|x64.ActiveCfg = Release|Win32
		{825CB292-F069-4B27-82CF-3417746ACDF3}.LIB Debug|x64.Build.0 = Release|Win32
		{825CB292-F069-4B27-82CF-3417746ACDF3}.LIB Release|ARM.ActiveCfg = Release|Win32
		{825CB292-F069-4B27-82CF-3417746ACDF3}.LIB Release|ARM.Build.0 = Release|Win32
		{825CB292-F069-4B27-82CF-3417746ACDF3}.LIB Release|Itanium.ActiveCfg = Release|Win32
		{825CB292-F069-4B27-82CF-3417746ACDF3}.LIB Release|Itanium.Build.0 = Release|Win32
		{825CB292-F069-4B27-82CF-3417746ACDF3}.LIB Release|Win32.ActiveCfg = Release|Win32
		{825CB292-F069-4B27-82CF-3417746ACDF3}.LIB Release|Win32.Build.0 = Release|Win32
		{825CB292-F069-4B27-82CF-3417746ACDF3}.LIB Release|x64.ActiveCfg = Release|Win32
		{825CB292-F069-4B27-82CF-3417746ACDF3}.LIB Release|x64.Build.0 = Release|Win32
		{825CB292-F069-4B27-82CF-3417746ACDF3}.Release|ARM.ActiveCfg = Release|Win32
		{825CB292-F069-4B27-82CF-3417746ACDF3}.Release|Itanium.ActiveCfg = Release|Win32
		{825CB292-F069-4B27-82CF-3417746ACDF3}.Release|Win32.ActiveCfg = Release|Win32
		{825CB292-F069-4B27-82CF-3417746ACDF3}.Release|Win32.Build.0 = Release|Win32
		{825CB292-F069-4B27-82CF-3417746ACDF3}.Release|x64.ActiveCfg = Release|Win32
		{825CB292-F069-4B27-82CF-3417746ACDF3}.ReleaseWithoutAsm|ARM.ActiveCfg = Release|Win32
		{825CB292-F069-4B27-82CF-3417746ACDF3}.ReleaseWithoutAsm|ARM.Build.0 = Release|Win32
		{825CB292-F069-4B27-82CF-3417746ACDF3}.ReleaseWithoutAsm|Itanium.ActiveCfg = Release|Win32
		{825CB292-F069-4B27-82CF-3417746ACDF3}.ReleaseWithoutAsm|Itanium.Build.0 = Release|Win32
		{825CB292-F069-4B27-82CF-3417746ACDF3}.ReleaseWithoutAsm|Win32.ActiveCfg = Release|Win32
		{825CB292-F069-4B27-82CF-3417746ACDF3}.ReleaseWithoutAsm|Win32.Build.0 = Release|Win32
		{825CB292-F069-4B27-82CF-3417746ACDF3}.ReleaseWithoutAsm|x64.ActiveCfg = Release|Win32
	EndGlobalSection
	GlobalSection(SolutionProperties) = preSolution
		HideSolutionNode = FALSE
	EndGlobalSection
	GlobalSection(NestedProjects) = preSolution
		{825CB292-F069-4B27-82CF-3417746ACDF3} = {936A8937-014E-465F-A13D-6E7316CECF08}
	EndGlobalSection
EndGlobal
