Microsoft Visual Studio Solution File, Format Version 12.00
# Visual Studio 14
VisualStudioVersion = 14.0.25420.1
MinimumVisualStudioVersion = 10.0.40219.1
Project("{8BC9CEB8-8B4A-11D0-8D11-00A0C91BC942}") = "RAMeka", "Meka.vcxproj", "{E4B91824-CCCF-4BA5-9CC1-52E75CDA8EE3}"
	ProjectSection(ProjectDependencies) = postProject
		{825CB292-F069-4B27-82CF-3417746ACDF3} = {825CB292-F069-4B27-82CF-3417746ACDF3}
	EndProjectSection
EndProject
Project("{8BC9CEB8-8B4A-11D0-8D11-00A0C91BC942}") = "smsid", "..\..\smsid\smsid.vcxproj", "{3391017C-51A4-477A-9C31-BB5D68A07928}"
EndProject
Project("{8BC9CEB8-8B4A-11D0-8D11-00A0C91BC942}") = "RA_Integration", "..\..\..\..\..\RA_Integration\RA_Integration.vcxproj", "{825CB292-F069-4B27-82CF-3417746ACDF3}"
EndProject
Global
	GlobalSection(SolutionConfigurationPlatforms) = preSolution
		Debug|Win32 = Debug|Win32
		Release|Win32 = Release|Win32
		ReleaseWithDebug|Win32 = ReleaseWithDebug|Win32
	EndGlobalSection
	GlobalSection(ProjectConfigurationPlatforms) = postSolution
		{E4B91824-CCCF-4BA5-9CC1-52E75CDA8EE3}.Debug|Win32.ActiveCfg = Debug|Win32
		{E4B91824-CCCF-4BA5-9CC1-52E75CDA8EE3}.Debug|Win32.Build.0 = Debug|Win32
		{E4B91824-CCCF-4BA5-9CC1-52E75CDA8EE3}.Release|Win32.ActiveCfg = Release|Win32
		{E4B91824-CCCF-4BA5-9CC1-52E75CDA8EE3}.Release|Win32.Build.0 = Release|Win32
		{E4B91824-CCCF-4BA5-9CC1-52E75CDA8EE3}.ReleaseWithDebug|Win32.ActiveCfg = Release|Win32
		{E4B91824-CCCF-4BA5-9CC1-52E75CDA8EE3}.ReleaseWithDebug|Win32.Build.0 = Release|Win32
		{3391017C-51A4-477A-9C31-BB5D68A07928}.Debug|Win32.ActiveCfg = Debug|Win32
		{3391017C-51A4-477A-9C31-BB5D68A07928}.Debug|Win32.Build.0 = Debug|Win32
		{3391017C-51A4-477A-9C31-BB5D68A07928}.Release|Win32.ActiveCfg = Release|Win32
		{3391017C-51A4-477A-9C31-BB5D68A07928}.Release|Win32.Build.0 = Release|Win32
		{3391017C-51A4-477A-9C31-BB5D68A07928}.ReleaseWithDebug|Win32.ActiveCfg = Release|Win32
		{3391017C-51A4-477A-9C31-BB5D68A07928}.ReleaseWithDebug|Win32.Build.0 = Release|Win32
		{825CB292-F069-4B27-82CF-3417746ACDF3}.Debug|Win32.ActiveCfg = Debug|Win32
		{825CB292-F069-4B27-82CF-3417746ACDF3}.Debug|Win32.Build.0 = Debug|Win32
		{825CB292-F069-4B27-82CF-3417746ACDF3}.Release|Win32.ActiveCfg = Release|Win32
		{825CB292-F069-4B27-82CF-3417746ACDF3}.Release|Win32.Build.0 = Release|Win32
		{825CB292-F069-4B27-82CF-3417746ACDF3}.ReleaseWithDebug|Win32.ActiveCfg = Release|Win32
		{825CB292-F069-4B27-82CF-3417746ACDF3}.ReleaseWithDebug|Win32.Build.0 = Release|Win32
	EndGlobalSection
	GlobalSection(SolutionProperties) = preSolution
		HideSolutionNode = FALSE
	EndGlobalSection
EndGlobal
